dependencies:
- name: cert
  repository: file://../cert
  version: 0.0.1
- name: influxdb
  repository: file://../influxdb
  version: 0.0.1
- name: telegraf
  repository: file://../telegraf
  version: 0.0.1
- name: telegraf
  repository: file://../telegraf
  version: 0.0.1
- name: fluxd
  repository: file://../fluxd
  version: 0.0.1
- name: grafana
  repository: file://../grafana
  version: 0.0.1
- name: throttler
  repository: file://../throttler
  version: 0.0.1
- name: rsyslog-client
  repository: file://../rsyslog-client
  version: 0.0.1
digest: sha256:9450a0b33a5b6cf227b99f05dad8f6ec3d7d7cb9bdd40c3f7e62874ac80af83f
generated: "2020-08-18T16:06:12.951918568-07:00"
