dependencies:
- name: cert
  repository: file://../cert
  version: 0.0.1
- name: influxdb
  repository: file://../influxdb
  version: 0.0.1
- name: telegraf
  repository: file://../telegraf
  version: 0.0.1
- name: telegraf
  repository: file://../telegraf
  version: 0.0.1
- name: fluxd
  repository: file://../fluxd
  version: 0.0.1
- name: grafana
  repository: file://../grafana
  version: 0.0.1
- name: throttler
  repository: file://../throttler
  version: 0.0.1
- name: rsyslog-client
  repository: file://../rsyslog-client
  version: 0.0.1
- name: prometheus
  repository: https://asdrepo.isus.emc.com/artifactory/atlantic-helm-build/
  version: 11.1.2
digest: sha256:c49164142f0ddbb2ce1967a73330fcdafda5c661bf74d600952ff18ec9f4a208
generated: "2020-08-26T11:38:04.208358728Z"
