dependencies:
- name: cert
  repository: file://../cert
  version: 0.0.1
- name: influxdb
  repository: file://../influxdb
  version: 0.0.1
- name: telegraf
  repository: file://../telegraf
  version: 0.0.1
- name: telegraf
  repository: file://../telegraf
  version: 0.0.1
- name: fluxd
  repository: file://../fluxd
  version: 0.0.1
- name: grafana
  repository: file://../grafana
  version: 0.0.1
- name: throttler
  repository: file://../throttler
  version: 0.0.1
- name: rsyslog-client
  repository: file://../rsyslog-client
  version: 0.0.1
- name: prometheus
  repository: https://kubernetes-charts.storage.googleapis.com
  version: 11.1.2
digest: sha256:8403fedbc2697e47063995f879b7e1012aa7626e8529ae6162bdbd5ea4e09d66
generated: "2020-07-29T10:44:13.798813384Z"
