dependencies:
- name: zookeeper-operator
  repository: file://../zookeeper-operator
  version: 0.26.0
- name: atlas-operator
  repository: file://../atlas-operator
  version: 0.24.2
- name: fio-test
  repository: file://../fio-test
  version: 0.22.2
- name: sonobuoy
  repository: file://../sonobuoy
  version: 0.16.6
digest: sha256:eaa577921c9640d45a4619e61805ab67fe10c7226b74b8627a8f871d8150438e
generated: "2020-04-29T13:30:10.835694918-04:00"
