dependencies:
- name: zookeeper-operator
  repository: file://../zookeeper-operator
  version: 0.25.0
- name: atlas-operator
  repository: file://../atlas-operator
  version: 0.24.1
- name: fio-test
  repository: file://../fio-test
  version: 0.22.2
- name: sonobuoy
  repository: file://../sonobuoy
  version: 0.16.6
digest: sha256:e10015f011ae84893cf7a2886613e1875ec71af428cabcd27d5ea0df0f4f3493
generated: "2020-04-10T10:41:47.403042266-04:00"
