dependencies:
- name: zookeeper-operator
  repository: file://../zookeeper-operator
  version: 0.28.0
- name: atlas-operator
  repository: file://../atlas-operator
  version: 0.25.0
- name: fio-test
  repository: file://../fio-test
  version: 0.22.2
- name: sonobuoy
  repository: file://../sonobuoy
  version: 0.16.6
digest: sha256:402c3344ea4394d577bf352e24235532751d7467655d43ae5cdcf7baaf945b7f
generated: "2020-05-27T09:31:19.029115024-04:00"
