dependencies:
- name: zookeeper-operator
  repository: file://../zookeeper-operator
  version: 0.25.0
- name: atlas-operator
  repository: file://../atlas-operator
  version: 0.24.2
- name: fio-test
  repository: file://../fio-test
  version: 0.22.2
- name: sonobuoy
  repository: file://../sonobuoy
  version: 0.16.6
digest: sha256:956836e8e6e97daf65b340a8410d6f0453479390621f90f3e71d2b506cd0c1a1
generated: "2020-04-28T11:55:46.339827952-04:00"
