dependencies:
- name: zookeeper-operator
  repository: file://../zookeeper-operator
  version: 0.24.0
- name: atlas-operator
  repository: file://../atlas-operator
  version: 0.24.1
- name: fio-test
  repository: file://../fio-test
  version: 0.22.1
- name: sonobuoy
  repository: file://../sonobuoy
  version: 0.16.5
digest: sha256:d1d697ec2433c6932b96116b1e35154663b7ce793bac9ecf8cfebd6e46ced9a4
generated: "2020-04-07T15:17:32.709481492-04:00"
