dependencies:
- name: zookeeper-operator
  repository: file://../zookeeper-operator
  version: 0.2.7
- name: atlas-operator
  repository: file://../atlas-operator
  version: 0.26.0
- name: sonobuoy
  repository: file://../sonobuoy
  version: 0.16.6
- name: helm-controller
  repository: file://../helm-controller
  version: 0.33.0
- name: vsphere
  repository: file://../vsphere
  version: 0.33.0
- name: graphql
  repository: file://../graphql
  version: 0.33.0
- name: objectscale-monitoring
  repository: file://../monitoring/objectscale-monitoring
  version: 0.0.1
digest: sha256:9363302f52cad72ded2e61f3f96eae5f5004297c95a25f66b643bd97aac57669
generated: "2020-09-02T14:12:57.384578506-07:00"
