dependencies:
- name: zookeeper-operator
  repository: file://../zookeeper-operator
  version: 0.20.0
- name: atlas-operator
  repository: file://../atlas-operator
  version: 0.19.0
digest: sha256:8eb8bee480b35ac4a2cdab408762b36ac7f65e71bdeb5ed552bb9bc9f7125410
generated: "2020-01-17T11:28:22.245679626-05:00"
