dependencies:
- name: zookeeper-operator
  repository: https://065d9ce1ff2bb41302d21db0aab49f25e7584c0f@raw.githubusercontent.com/emcecs/charts/master/docs
  version: 0.0.1
digest: sha256:bdf95345603117fbfeff709ff7ccd2b47a088e7586d228fbacf590df54a521a5
generated: 2019-01-02T14:17:58.793453194-06:00
