dependencies:
- name: cert
  repository: file://../cert
  version: 0.0.1
- name: influxdb
  repository: file://../influxdb
  version: 0.0.1
- name: telegraf
  repository: file://../telegraf
  version: 0.0.1
- name: telegraf-ds
  repository: file://../telegraf-ds
  version: 0.0.1
- name: fluxd
  repository: file://../fluxd
  version: 0.0.1
- name: grafana
  repository: file://../grafana
  version: 0.0.1
- name: throttler
  repository: file://../throttler
  version: 0.0.1
- name: rsyslog
  repository: file://../rsyslog
  version: 0.0.1
- name: rsyslog-client
  repository: file://../rsyslog-client
  version: 0.0.1
- name: prometheus-alerts
  repository: file://../prometheus-alerts
  version: 0.0.1
digest: sha256:8ef8ebf935245fd7fdfdd5ae6c182ddea65535f5d4478627339f0fe69a5bb857
generated: "2020-07-29T10:44:12.991097829Z"
