dependencies:
- name: cert
  repository: file://../cert
  version: 0.0.1
- name: influxdb
  repository: file://../influxdb
  version: 0.0.1
- name: telegraf
  repository: file://../telegraf
  version: 0.0.1
- name: telegraf-external-config
  repository: file://../telegraf-external-config
  version: 0.0.1
- name: fluxd
  repository: file://../fluxd
  version: 0.0.1
- name: grafana
  repository: file://../grafana
  version: 0.0.1
- name: throttler
  repository: file://../throttler
  version: 0.0.1
- name: rsyslog-client
  repository: file://../rsyslog-client
  version: 0.0.1
digest: sha256:5a657e8a65b02a12726359f9494b6cb8185d2c5657516009cf048bb5ede19d87
generated: "2020-08-18T16:06:15.845681412-07:00"
